{
  "name": "devqualimp",
  "lockfileVersion": 2,
  "requires": true,
  "packages": {
    "": {
      "dependencies": {
        "layui": "^2.8.13",
        "pell": "^1.0.6"
      }
    },
    "node_modules/layui": {
      "version": "2.8.13",
      "resolved": "https://registry.npmmirror.com/layui/-/layui-2.8.13.tgz",
      "integrity": "sha512-lV7Ty67V47BH/L1sOi+d2WP3b7t33jV5pXcyUsGlVrt57Hj4xDWvae1DCqvJFY4Hlez3T/xZmYSFvymLZ2+RLg=="
    },
    "node_modules/pell": {
      "version": "1.0.6",
      "resolved": "https://registry.npmmirror.com/pell/-/pell-1.0.6.tgz",
      "integrity": "sha512-wuackvgjFCHmVABy7ACSmY2u53w+TlYFrVL2hN6V3rGL/iWWwVXMw2uphpZSXNnqFQTI8nMpD3UNNX8+R4BAYw=="
    }
  },
  "dependencies": {
    "layui": {
      "version": "2.8.13",
      "resolved": "https://registry.npmmirror.com/layui/-/layui-2.8.13.tgz",
      "integrity": "sha512-lV7Ty67V47BH/L1sOi+d2WP3b7t33jV5pXcyUsGlVrt57Hj4xDWvae1DCqvJFY4Hlez3T/xZmYSFvymLZ2+RLg=="
    },
    "pell": {
      "version": "1.0.6",
      "resolved": "https://registry.npmmirror.com/pell/-/pell-1.0.6.tgz",
      "integrity": "sha512-wuackvgjFCHmVABy7ACSmY2u53w+TlYFrVL2hN6V3rGL/iWWwVXMw2uphpZSXNnqFQTI8nMpD3UNNX8+R4BAYw=="
    }
  }
}
